lockfile_version: '2'
generated_at: '2026-06-18T12:33:22.474209+00:00'
apm_version: 0.20.0
dependencies:
- repo_url: mekras/project-knowlege-corpus
  host: github.com
  resolved_commit: c19dc500ad69d195494cd3034b8beb3b39d4c990
  resolved_ref: 0.4.0
  version: 0.4.0
  package_type: apm_package
  deployed_files:
  - .agents/skills/kc-analysis
  - .agents/skills/kc-analysis/README.md
  - .agents/skills/kc-analysis/SKILL.md
  - .agents/skills/kc-analysis/agents/openai.yaml
  - .agents/skills/kc-analysis/evals/result-scenarios.json
  - .agents/skills/kc-analysis/evals/triggers.json
  - .agents/skills/kc-impact-audit
  - .agents/skills/kc-impact-audit/README.md
  - .agents/skills/kc-impact-audit/SKILL.md
  - .agents/skills/kc-impact-audit/agents/openai.yaml
  - .agents/skills/kc-impact-audit/evals/result-scenarios.json
  - .agents/skills/kc-impact-audit/evals/triggers.json
  - .agents/skills/kc-impact-audit/references/impact-report.md
  - .agents/skills/kc-inventory
  - .agents/skills/kc-inventory/README.md
  - .agents/skills/kc-inventory/SKILL.md
  - .agents/skills/kc-inventory/agents/openai.yaml
  - .agents/skills/kc-inventory/assets/corpus.yml
  - .agents/skills/kc-inventory/assets/item.yml
  - .agents/skills/kc-inventory/assets/source.yml
  - .agents/skills/kc-inventory/assets/statements.yml
  - .agents/skills/kc-inventory/assets/sync-report.md
  - .agents/skills/kc-inventory/evals/result-scenarios.json
  - .agents/skills/kc-inventory/evals/triggers.json
  - .agents/skills/kc-inventory/references/corpus-layout-contract.md
  - .agents/skills/kc-inventory/references/manifest-and-registry.md
  - .agents/skills/kc-inventory/references/primary-data-layer.md
  - .agents/skills/kc-inventory/references/technical-report.md
  - .agents/skills/kc-inventory/scripts/validate-corpus-layout.py
  - .agents/skills/kc-normalization
  - .agents/skills/kc-normalization/README.md
  - .agents/skills/kc-normalization/SKILL.md
  - .agents/skills/kc-normalization/agents/openai.yaml
  - .agents/skills/kc-normalization/evals/result-scenarios.json
  - .agents/skills/kc-normalization/evals/triggers.json
  - .agents/skills/kc-pipeline
  - .agents/skills/kc-pipeline/README.md
  - .agents/skills/kc-pipeline/SKILL.md
  - .agents/skills/kc-pipeline/agents/openai.yaml
  - .agents/skills/kc-pipeline/evals/result-scenarios.json
  - .agents/skills/kc-pipeline/evals/triggers.json
  - .agents/skills/kc-pipeline/references/workflow-contract.md
  - .agents/skills/kc-setup
  - .agents/skills/kc-setup/README.md
  - .agents/skills/kc-setup/SKILL.md
  - .agents/skills/kc-setup/agents/openai.yaml
  - .agents/skills/kc-setup/evals/result-scenarios.json
  - .agents/skills/kc-setup/evals/triggers.json
  - .agents/skills/kc-setup/references/agents-instructions.md
  - .agents/skills/kc-sources-add
  - .agents/skills/kc-sources-add/README.md
  - .agents/skills/kc-sources-add/SKILL.md
  - .agents/skills/kc-sources-add/agents/openai.yaml
  - .agents/skills/kc-sources-add/evals/result-scenarios.json
  - .agents/skills/kc-sources-add/evals/triggers.json
  - .agents/skills/kc-sources-add/references/source-contract.md
  - .agents/skills/kc-statements
  - .agents/skills/kc-statements/README.md
  - .agents/skills/kc-statements/SKILL.md
  - .agents/skills/kc-statements/agents/openai.yaml
  - .agents/skills/kc-statements/evals/result-scenarios.json
  - .agents/skills/kc-statements/evals/triggers.json
  - .agents/skills/kc-statements/references/statement-ids.md
  - .agents/skills/kc-status
  - .agents/skills/kc-status/README.md
  - .agents/skills/kc-status/SKILL.md
  - .agents/skills/kc-status/agents/openai.yaml
  - .agents/skills/kc-status/evals/result-scenarios.json
  - .agents/skills/kc-status/evals/triggers.json
  - .agents/skills/kc-validation
  - .agents/skills/kc-validation/README.md
  - .agents/skills/kc-validation/SKILL.md
  - .agents/skills/kc-validation/agents/openai.yaml
  - .agents/skills/kc-validation/evals/result-scenarios.json
  - .agents/skills/kc-validation/evals/triggers.json
  - .agents/skills/kc-validation/references/corpus-checklist.md
  - .agents/skills/transcript-analysis
  - .agents/skills/transcript-analysis/README.md
  - .agents/skills/transcript-analysis/SKILL.md
  - .agents/skills/transcript-analysis/agents/openai.yaml
  - .agents/skills/transcript-analysis/evals/result-scenarios.json
  - .agents/skills/transcript-analysis/evals/triggers.json
  - .claude/skills/kc-analysis
  - .claude/skills/kc-analysis/README.md
  - .claude/skills/kc-analysis/SKILL.md
  - .claude/skills/kc-analysis/agents/openai.yaml
  - .claude/skills/kc-analysis/evals/result-scenarios.json
  - .claude/skills/kc-analysis/evals/triggers.json
  - .claude/skills/kc-impact-audit
  - .claude/skills/kc-impact-audit/README.md
  - .claude/skills/kc-impact-audit/SKILL.md
  - .claude/skills/kc-impact-audit/agents/openai.yaml
  - .claude/skills/kc-impact-audit/evals/result-scenarios.json
  - .claude/skills/kc-impact-audit/evals/triggers.json
  - .claude/skills/kc-impact-audit/references/impact-report.md
  - .claude/skills/kc-inventory
  - .claude/skills/kc-inventory/README.md
  - .claude/skills/kc-inventory/SKILL.md
  - .claude/skills/kc-inventory/agents/openai.yaml
  - .claude/skills/kc-inventory/assets/corpus.yml
  - .claude/skills/kc-inventory/assets/item.yml
  - .claude/skills/kc-inventory/assets/source.yml
  - .claude/skills/kc-inventory/assets/statements.yml
  - .claude/skills/kc-inventory/assets/sync-report.md
  - .claude/skills/kc-inventory/evals/result-scenarios.json
  - .claude/skills/kc-inventory/evals/triggers.json
  - .claude/skills/kc-inventory/references/corpus-layout-contract.md
  - .claude/skills/kc-inventory/references/manifest-and-registry.md
  - .claude/skills/kc-inventory/references/primary-data-layer.md
  - .claude/skills/kc-inventory/references/technical-report.md
  - .claude/skills/kc-inventory/scripts/validate-corpus-layout.py
  - .claude/skills/kc-normalization
  - .claude/skills/kc-normalization/README.md
  - .claude/skills/kc-normalization/SKILL.md
  - .claude/skills/kc-normalization/agents/openai.yaml
  - .claude/skills/kc-normalization/evals/result-scenarios.json
  - .claude/skills/kc-normalization/evals/triggers.json
  - .claude/skills/kc-pipeline
  - .claude/skills/kc-pipeline/README.md
  - .claude/skills/kc-pipeline/SKILL.md
  - .claude/skills/kc-pipeline/agents/openai.yaml
  - .claude/skills/kc-pipeline/evals/result-scenarios.json
  - .claude/skills/kc-pipeline/evals/triggers.json
  - .claude/skills/kc-pipeline/references/workflow-contract.md
  - .claude/skills/kc-setup
  - .claude/skills/kc-setup/README.md
  - .claude/skills/kc-setup/SKILL.md
  - .claude/skills/kc-setup/agents/openai.yaml
  - .claude/skills/kc-setup/evals/result-scenarios.json
  - .claude/skills/kc-setup/evals/triggers.json
  - .claude/skills/kc-setup/references/agents-instructions.md
  - .claude/skills/kc-sources-add
  - .claude/skills/kc-sources-add/README.md
  - .claude/skills/kc-sources-add/SKILL.md
  - .claude/skills/kc-sources-add/agents/openai.yaml
  - .claude/skills/kc-sources-add/evals/result-scenarios.json
  - .claude/skills/kc-sources-add/evals/triggers.json
  - .claude/skills/kc-sources-add/references/source-contract.md
  - .claude/skills/kc-statements
  - .claude/skills/kc-statements/README.md
  - .claude/skills/kc-statements/SKILL.md
  - .claude/skills/kc-statements/agents/openai.yaml
  - .claude/skills/kc-statements/evals/result-scenarios.json
  - .claude/skills/kc-statements/evals/triggers.json
  - .claude/skills/kc-statements/references/statement-ids.md
  - .claude/skills/kc-status
  - .claude/skills/kc-status/README.md
  - .claude/skills/kc-status/SKILL.md
  - .claude/skills/kc-status/agents/openai.yaml
  - .claude/skills/kc-status/evals/result-scenarios.json
  - .claude/skills/kc-status/evals/triggers.json
  - .claude/skills/kc-validation
  - .claude/skills/kc-validation/README.md
  - .claude/skills/kc-validation/SKILL.md
  - .claude/skills/kc-validation/agents/openai.yaml
  - .claude/skills/kc-validation/evals/result-scenarios.json
  - .claude/skills/kc-validation/evals/triggers.json
  - .claude/skills/kc-validation/references/corpus-checklist.md
  - .claude/skills/transcript-analysis
  - .claude/skills/transcript-analysis/README.md
  - .claude/skills/transcript-analysis/SKILL.md
  - .claude/skills/transcript-analysis/agents/openai.yaml
  - .claude/skills/transcript-analysis/evals/result-scenarios.json
  - .claude/skills/transcript-analysis/evals/triggers.json
  deployed_file_hashes:
    .agents/skills/kc-analysis/README.md: sha256:e3b0c44298fc1c149afbf4c8996fb92427ae41e4649b934ca495991b7852b855
    .agents/skills/kc-analysis/SKILL.md: sha256:b206a41c67c1301a8525aef63fc0105f04ae08e67667158fe66f0fe72da7fd89
    .agents/skills/kc-analysis/agents/openai.yaml: sha256:5136e3fcf9dfa59d02c1ef756f8ab3ac58927ce761fe83e0ee2ba7aea4251688
    .agents/skills/kc-analysis/evals/result-scenarios.json: sha256:cfdc38834e92bd9a5a5912dac80c91c6951b2c93fbcbb31b8425e80439f4d1c4
    .agents/skills/kc-analysis/evals/triggers.json: sha256:da86c8c8b1513ea34d75eb42f49ee8c25ab3f5c8883615e4ff56fb716d520dfb
    .agents/skills/kc-impact-audit/README.md: sha256:e3b0c44298fc1c149afbf4c8996fb92427ae41e4649b934ca495991b7852b855
    .agents/skills/kc-impact-audit/SKILL.md: sha256:b560038052c5d50bd6c41fb1814069bfd4e02a610c33ab8f4cdb5f1c941fe57e
    .agents/skills/kc-impact-audit/agents/openai.yaml: sha256:523f8c63711f3a871e102024d43acf65114103bf185e51c98f01750183f49579
    .agents/skills/kc-impact-audit/evals/result-scenarios.json: sha256:a01d96a3503202681be29162fe3d2017df0ebb25df44e318d96c2f30a3433783
    .agents/skills/kc-impact-audit/evals/triggers.json: sha256:ac06012e3d378c164f4405926a76dd3ea5f147eafe958921c3ff0164d488ee32
    .agents/skills/kc-impact-audit/references/impact-report.md: sha256:fa3a7efb43b3aee43e5431eb0f6d3f0948d9e6113f79ce89e446cd889633e094
    .agents/skills/kc-inventory/README.md: sha256:e3b0c44298fc1c149afbf4c8996fb92427ae41e4649b934ca495991b7852b855
    .agents/skills/kc-inventory/SKILL.md: sha256:3531fe7455291ede97dfa6a7e5a1b3e5ab727baf3dd0b73ce22435775eed398a
    .agents/skills/kc-inventory/agents/openai.yaml: sha256:c5616a693609c607ce667d2b3bfd76fa534bd29cc07d7c7665af0b7c3a39dbac
    .agents/skills/kc-inventory/assets/corpus.yml: sha256:81a3a846df28d0289204bff3f30d886338405a25c0bfa405ee4ca39c6382393d
    .agents/skills/kc-inventory/assets/item.yml: sha256:07e5f3fe88b25223f72d5fc755b224885e32667b4e2df93f3199d2c2182a5e81
    .agents/skills/kc-inventory/assets/source.yml: sha256:46b625752b93fbaa73752946bc802eac7673363fd44f944d2994d0d05d86d5a0
    .agents/skills/kc-inventory/assets/statements.yml: sha256:a8e1d7b05aa718357914caa131a4a35235887e8d612effd26dd7145bd8e4d100
    .agents/skills/kc-inventory/assets/sync-report.md: sha256:d3f6d7380f46e6923ce9b6e9ec68f7d62bfb4e9e6a58e6ee4a5ae1e66b9fef45
    .agents/skills/kc-inventory/evals/result-scenarios.json: sha256:0f66d5a7fbf5854faca62ce8d608f24e2f05e4bb17ccbd76fc62db361b4e7e47
    .agents/skills/kc-inventory/evals/triggers.json: sha256:3d309086a11e5e71173b0a236373f94509bef700bbf6ba237ae5c1fa57599bed
    .agents/skills/kc-inventory/references/corpus-layout-contract.md: sha256:28d2b2ab62618592d07e3a6d5809a19e45462cca0f3267fe2e3928056257f4b3
    .agents/skills/kc-inventory/references/manifest-and-registry.md: sha256:2079ed2db46fb1466eae2f744dca0aa78be52b0648547d51225d708beb0b9b72
    .agents/skills/kc-inventory/references/primary-data-layer.md: sha256:7584d1ef8726e8b581e3ca971953dbf559d9bee282c9ab3e1b079448b11f20ff
    .agents/skills/kc-inventory/references/technical-report.md: sha256:ab66df0afe7b67a965e19bbd88ae04b494532c3d7e2091e0a64be02b661eedcb
    .agents/skills/kc-inventory/scripts/validate-corpus-layout.py: sha256:0fd505e68cc9d1063ed5a86fa77d404fce98b9e1233784ede38837f38a9b24b2
    .agents/skills/kc-normalization/README.md: sha256:e3b0c44298fc1c149afbf4c8996fb92427ae41e4649b934ca495991b7852b855
    .agents/skills/kc-normalization/SKILL.md: sha256:355abc507a0fbbc84362b4990e2bce5ca630b2245586b11dec63e3aef034900a
    .agents/skills/kc-normalization/agents/openai.yaml: sha256:34dbc9ab27ed2c73bd435d36da423c5c4608a656904077fb5a3ba6eaed218e60
    .agents/skills/kc-normalization/evals/result-scenarios.json: sha256:050de1816809b8b5be9a7472d469cda0bf3b2b703a416d4f4b791000e6a08709
    .agents/skills/kc-normalization/evals/triggers.json: sha256:ee85c9c25d5b72b77f5ea3b971215a1d921f7d1d1a32514aa102a16e8ec043eb
    .agents/skills/kc-pipeline/README.md: sha256:e3b0c44298fc1c149afbf4c8996fb92427ae41e4649b934ca495991b7852b855
    .agents/skills/kc-pipeline/SKILL.md: sha256:5be33a0c24b0a1746c167b328f55479acf34c0ab5513b6850de3b418ec37a396
    .agents/skills/kc-pipeline/agents/openai.yaml: sha256:590d7724fac0476aeb262825bd34cc494c4d3681ca96482c6ae999ad6357f7a4
    .agents/skills/kc-pipeline/evals/result-scenarios.json: sha256:6b8b4e2089abeccfbca30389741f74fb1d7a060dee2d5e6a2ea38860f9f681e6
    .agents/skills/kc-pipeline/evals/triggers.json: sha256:e570f829254db599968385d75d64a3181789bbacc19e0ac69798b496e5e9b93a
    .agents/skills/kc-pipeline/references/workflow-contract.md: sha256:a770c0823ace580a38c31547da910ebfd464e8b307b4d7962f04451f1a8ba755
    .agents/skills/kc-setup/README.md: sha256:849f518fa8fb5404c8cf112f12a862ff49711bab08476882afe6792a84963383
    .agents/skills/kc-setup/SKILL.md: sha256:c078bf64bb6de2f3e2b66b9f28b8410e1623284a7e5fa71c10a2d31b726e3d7e
    .agents/skills/kc-setup/agents/openai.yaml: sha256:06eb5a99bb72115aaa1030209fd2eece2fccabffca7c515684b7927075dbe55f
    .agents/skills/kc-setup/evals/result-scenarios.json: sha256:ed0a10c330de353ef8f9adc717b9ba6da59ad5ffe73a2b4e4082f42926f2b304
    .agents/skills/kc-setup/evals/triggers.json: sha256:8d3765edde499290ccbcbab980f014f3972d3c0c6e977d29a8801ec32ff4077b
    .agents/skills/kc-setup/references/agents-instructions.md: sha256:61654e10169586e3a4bbcbe913b1a7bb9b3f3c819102c884fb3653d3b9492dcf
    .agents/skills/kc-sources-add/README.md: sha256:82e7928f892d107d5def84ba53972de5d8ddb5fcbdba38ff0845ae4a37d27627
    .agents/skills/kc-sources-add/SKILL.md: sha256:e8534937c04e8536c133183b35727fef4e760e2a96d439249eeac6d91397a081
    .agents/skills/kc-sources-add/agents/openai.yaml: sha256:5645fbc469a75f08156d6d34689db7b734e7f93beb2a5a7976217de3f2b0f6d5
    .agents/skills/kc-sources-add/evals/result-scenarios.json: sha256:cc1ffee7aaa2ed268934f32f2674b34b41403362ce4c0abfc0092cddf601d01e
    .agents/skills/kc-sources-add/evals/triggers.json: sha256:141276d6f6d54ca828cf2e02b55b33e544225adb6e7dc4a56927c95f7474ad89
    .agents/skills/kc-sources-add/references/source-contract.md: sha256:37ced85e32292cdf1ce79945c40d03cfdb81a4f0be3d02fcf51d4855b326ad54
    .agents/skills/kc-statements/README.md: sha256:e3b0c44298fc1c149afbf4c8996fb92427ae41e4649b934ca495991b7852b855
    .agents/skills/kc-statements/SKILL.md: sha256:74c9a1f67724175071b93d8ef6d0addf45a5dbc62804bcd980ecf8a308542873
    .agents/skills/kc-statements/agents/openai.yaml: sha256:93f06a280391d6b11adbd6a6a262720cc1d45f2156fc28d6740181f9d26ce1a2
    .agents/skills/kc-statements/evals/result-scenarios.json: sha256:4dfe5344f7c422f128736514d3c36da0a913999ed343b9deddcd1d7fc42e47fe
    .agents/skills/kc-statements/evals/triggers.json: sha256:e90a55a6ed8aa10e33d22470f26892dac83698682d33dc8b2e9ad93755e47d5c
    .agents/skills/kc-statements/references/statement-ids.md: sha256:ab4f0ac3734fd9d1b94dbbaf341d99d72b4126b4016ffd49261a15bb43e6933c
    .agents/skills/kc-status/README.md: sha256:e3b0c44298fc1c149afbf4c8996fb92427ae41e4649b934ca495991b7852b855
    .agents/skills/kc-status/SKILL.md: sha256:cc9758cd8c508c9907d28dd4fe067556384f4b99552dccfea24cf5a9b3d25f02
    .agents/skills/kc-status/agents/openai.yaml: sha256:d4a50f2cc34b11f35de7bd605df4561f9feaca3bcd311d975f7d1e7f1e10b3bc
    .agents/skills/kc-status/evals/result-scenarios.json: sha256:d065baa043d9e8f1614e64f929735ecd44ff51482d3a77ff72d536aa95816602
    .agents/skills/kc-status/evals/triggers.json: sha256:60ce53cbfc3b6e68848d46b65fccc9d21aa77d9de1561667470cfb196553c978
    .agents/skills/kc-validation/README.md: sha256:e3b0c44298fc1c149afbf4c8996fb92427ae41e4649b934ca495991b7852b855
    .agents/skills/kc-validation/SKILL.md: sha256:f52e272f606e9f4dd913f17ea7574135eee28ddfdfdf597c1811b2e3287aaa8f
    .agents/skills/kc-validation/agents/openai.yaml: sha256:a78265a4fc56ffe101c18a9ae4217c166267744ceb9dc56c550db167e1d57c5d
    .agents/skills/kc-validation/evals/result-scenarios.json: sha256:0130509e91f1dcdba1a4e07784c1c7026b869d1cdbe19050a7ff0572f5de85dc
    .agents/skills/kc-validation/evals/triggers.json: sha256:70b42101013993a47f5fc4d98daf86561b7ed41e9245dfd48ff8591169650751
    .agents/skills/kc-validation/references/corpus-checklist.md: sha256:b7e62dd7f18b4e6caba0fe53468291f33a9eb96be673bad025d6c01ce543f41c
    .agents/skills/transcript-analysis/README.md: sha256:e3b0c44298fc1c149afbf4c8996fb92427ae41e4649b934ca495991b7852b855
    .agents/skills/transcript-analysis/SKILL.md: sha256:6e88416ec2ee595810e85f8f523c8b79e6b13cfb32cfb0b0f5994c5caf320890
    .agents/skills/transcript-analysis/agents/openai.yaml: sha256:cfeb2363e7bcfdad0909b531658048945cc6888560ae78d706f96ca078f327d3
    .agents/skills/transcript-analysis/evals/result-scenarios.json: sha256:1d8f859d93f487070cbf79f32af02dfcd6a5ed31544b4d6abf0c3af858330564
    .agents/skills/transcript-analysis/evals/triggers.json: sha256:4dd2a72292e983a42abdf0e0b6b168abec1f4fec9c62c79a4f3345b8c18117a9
    .claude/skills/kc-analysis/README.md: sha256:e3b0c44298fc1c149afbf4c8996fb92427ae41e4649b934ca495991b7852b855
    .claude/skills/kc-analysis/SKILL.md: sha256:b206a41c67c1301a8525aef63fc0105f04ae08e67667158fe66f0fe72da7fd89
    .claude/skills/kc-analysis/agents/openai.yaml: sha256:5136e3fcf9dfa59d02c1ef756f8ab3ac58927ce761fe83e0ee2ba7aea4251688
    .claude/skills/kc-analysis/evals/result-scenarios.json: sha256:cfdc38834e92bd9a5a5912dac80c91c6951b2c93fbcbb31b8425e80439f4d1c4
    .claude/skills/kc-analysis/evals/triggers.json: sha256:da86c8c8b1513ea34d75eb42f49ee8c25ab3f5c8883615e4ff56fb716d520dfb
    .claude/skills/kc-impact-audit/README.md: sha256:e3b0c44298fc1c149afbf4c8996fb92427ae41e4649b934ca495991b7852b855
    .claude/skills/kc-impact-audit/SKILL.md: sha256:b560038052c5d50bd6c41fb1814069bfd4e02a610c33ab8f4cdb5f1c941fe57e
    .claude/skills/kc-impact-audit/agents/openai.yaml: sha256:523f8c63711f3a871e102024d43acf65114103bf185e51c98f01750183f49579
    .claude/skills/kc-impact-audit/evals/result-scenarios.json: sha256:a01d96a3503202681be29162fe3d2017df0ebb25df44e318d96c2f30a3433783
    .claude/skills/kc-impact-audit/evals/triggers.json: sha256:ac06012e3d378c164f4405926a76dd3ea5f147eafe958921c3ff0164d488ee32
    .claude/skills/kc-impact-audit/references/impact-report.md: sha256:fa3a7efb43b3aee43e5431eb0f6d3f0948d9e6113f79ce89e446cd889633e094
    .claude/skills/kc-inventory/README.md: sha256:e3b0c44298fc1c149afbf4c8996fb92427ae41e4649b934ca495991b7852b855
    .claude/skills/kc-inventory/SKILL.md: sha256:3531fe7455291ede97dfa6a7e5a1b3e5ab727baf3dd0b73ce22435775eed398a
    .claude/skills/kc-inventory/agents/openai.yaml: sha256:c5616a693609c607ce667d2b3bfd76fa534bd29cc07d7c7665af0b7c3a39dbac
    .claude/skills/kc-inventory/assets/corpus.yml: sha256:81a3a846df28d0289204bff3f30d886338405a25c0bfa405ee4ca39c6382393d
    .claude/skills/kc-inventory/assets/item.yml: sha256:07e5f3fe88b25223f72d5fc755b224885e32667b4e2df93f3199d2c2182a5e81
    .claude/skills/kc-inventory/assets/source.yml: sha256:46b625752b93fbaa73752946bc802eac7673363fd44f944d2994d0d05d86d5a0
    .claude/skills/kc-inventory/assets/statements.yml: sha256:a8e1d7b05aa718357914caa131a4a35235887e8d612effd26dd7145bd8e4d100
    .claude/skills/kc-inventory/assets/sync-report.md: sha256:d3f6d7380f46e6923ce9b6e9ec68f7d62bfb4e9e6a58e6ee4a5ae1e66b9fef45
    .claude/skills/kc-inventory/evals/result-scenarios.json: sha256:0f66d5a7fbf5854faca62ce8d608f24e2f05e4bb17ccbd76fc62db361b4e7e47
    .claude/skills/kc-inventory/evals/triggers.json: sha256:3d309086a11e5e71173b0a236373f94509bef700bbf6ba237ae5c1fa57599bed
    .claude/skills/kc-inventory/references/corpus-layout-contract.md: sha256:28d2b2ab62618592d07e3a6d5809a19e45462cca0f3267fe2e3928056257f4b3
    .claude/skills/kc-inventory/references/manifest-and-registry.md: sha256:2079ed2db46fb1466eae2f744dca0aa78be52b0648547d51225d708beb0b9b72
    .claude/skills/kc-inventory/references/primary-data-layer.md: sha256:7584d1ef8726e8b581e3ca971953dbf559d9bee282c9ab3e1b079448b11f20ff
    .claude/skills/kc-inventory/references/technical-report.md: sha256:ab66df0afe7b67a965e19bbd88ae04b494532c3d7e2091e0a64be02b661eedcb
    .claude/skills/kc-inventory/scripts/validate-corpus-layout.py: sha256:0fd505e68cc9d1063ed5a86fa77d404fce98b9e1233784ede38837f38a9b24b2
    .claude/skills/kc-normalization/README.md: sha256:e3b0c44298fc1c149afbf4c8996fb92427ae41e4649b934ca495991b7852b855
    .claude/skills/kc-normalization/SKILL.md: sha256:355abc507a0fbbc84362b4990e2bce5ca630b2245586b11dec63e3aef034900a
    .claude/skills/kc-normalization/agents/openai.yaml: sha256:34dbc9ab27ed2c73bd435d36da423c5c4608a656904077fb5a3ba6eaed218e60
    .claude/skills/kc-normalization/evals/result-scenarios.json: sha256:050de1816809b8b5be9a7472d469cda0bf3b2b703a416d4f4b791000e6a08709
    .claude/skills/kc-normalization/evals/triggers.json: sha256:ee85c9c25d5b72b77f5ea3b971215a1d921f7d1d1a32514aa102a16e8ec043eb
    .claude/skills/kc-pipeline/README.md: sha256:e3b0c44298fc1c149afbf4c8996fb92427ae41e4649b934ca495991b7852b855
    .claude/skills/kc-pipeline/SKILL.md: sha256:5be33a0c24b0a1746c167b328f55479acf34c0ab5513b6850de3b418ec37a396
    .claude/skills/kc-pipeline/agents/openai.yaml: sha256:590d7724fac0476aeb262825bd34cc494c4d3681ca96482c6ae999ad6357f7a4
    .claude/skills/kc-pipeline/evals/result-scenarios.json: sha256:6b8b4e2089abeccfbca30389741f74fb1d7a060dee2d5e6a2ea38860f9f681e6
    .claude/skills/kc-pipeline/evals/triggers.json: sha256:e570f829254db599968385d75d64a3181789bbacc19e0ac69798b496e5e9b93a
    .claude/skills/kc-pipeline/references/workflow-contract.md: sha256:a770c0823ace580a38c31547da910ebfd464e8b307b4d7962f04451f1a8ba755
    .claude/skills/kc-setup/README.md: sha256:849f518fa8fb5404c8cf112f12a862ff49711bab08476882afe6792a84963383
    .claude/skills/kc-setup/SKILL.md: sha256:c078bf64bb6de2f3e2b66b9f28b8410e1623284a7e5fa71c10a2d31b726e3d7e
    .claude/skills/kc-setup/agents/openai.yaml: sha256:06eb5a99bb72115aaa1030209fd2eece2fccabffca7c515684b7927075dbe55f
    .claude/skills/kc-setup/evals/result-scenarios.json: sha256:ed0a10c330de353ef8f9adc717b9ba6da59ad5ffe73a2b4e4082f42926f2b304
    .claude/skills/kc-setup/evals/triggers.json: sha256:8d3765edde499290ccbcbab980f014f3972d3c0c6e977d29a8801ec32ff4077b
    .claude/skills/kc-setup/references/agents-instructions.md: sha256:61654e10169586e3a4bbcbe913b1a7bb9b3f3c819102c884fb3653d3b9492dcf
    .claude/skills/kc-sources-add/README.md: sha256:82e7928f892d107d5def84ba53972de5d8ddb5fcbdba38ff0845ae4a37d27627
    .claude/skills/kc-sources-add/SKILL.md: sha256:e8534937c04e8536c133183b35727fef4e760e2a96d439249eeac6d91397a081
    .claude/skills/kc-sources-add/agents/openai.yaml: sha256:5645fbc469a75f08156d6d34689db7b734e7f93beb2a5a7976217de3f2b0f6d5
    .claude/skills/kc-sources-add/evals/result-scenarios.json: sha256:cc1ffee7aaa2ed268934f32f2674b34b41403362ce4c0abfc0092cddf601d01e
    .claude/skills/kc-sources-add/evals/triggers.json: sha256:141276d6f6d54ca828cf2e02b55b33e544225adb6e7dc4a56927c95f7474ad89
    .claude/skills/kc-sources-add/references/source-contract.md: sha256:37ced85e32292cdf1ce79945c40d03cfdb81a4f0be3d02fcf51d4855b326ad54
    .claude/skills/kc-statements/README.md: sha256:e3b0c44298fc1c149afbf4c8996fb92427ae41e4649b934ca495991b7852b855
    .claude/skills/kc-statements/SKILL.md: sha256:74c9a1f67724175071b93d8ef6d0addf45a5dbc62804bcd980ecf8a308542873
    .claude/skills/kc-statements/agents/openai.yaml: sha256:93f06a280391d6b11adbd6a6a262720cc1d45f2156fc28d6740181f9d26ce1a2
    .claude/skills/kc-statements/evals/result-scenarios.json: sha256:4dfe5344f7c422f128736514d3c36da0a913999ed343b9deddcd1d7fc42e47fe
    .claude/skills/kc-statements/evals/triggers.json: sha256:e90a55a6ed8aa10e33d22470f26892dac83698682d33dc8b2e9ad93755e47d5c
    .claude/skills/kc-statements/references/statement-ids.md: sha256:ab4f0ac3734fd9d1b94dbbaf341d99d72b4126b4016ffd49261a15bb43e6933c
    .claude/skills/kc-status/README.md: sha256:e3b0c44298fc1c149afbf4c8996fb92427ae41e4649b934ca495991b7852b855
    .claude/skills/kc-status/SKILL.md: sha256:cc9758cd8c508c9907d28dd4fe067556384f4b99552dccfea24cf5a9b3d25f02
    .claude/skills/kc-status/agents/openai.yaml: sha256:d4a50f2cc34b11f35de7bd605df4561f9feaca3bcd311d975f7d1e7f1e10b3bc
    .claude/skills/kc-status/evals/result-scenarios.json: sha256:d065baa043d9e8f1614e64f929735ecd44ff51482d3a77ff72d536aa95816602
    .claude/skills/kc-status/evals/triggers.json: sha256:60ce53cbfc3b6e68848d46b65fccc9d21aa77d9de1561667470cfb196553c978
    .claude/skills/kc-validation/README.md: sha256:e3b0c44298fc1c149afbf4c8996fb92427ae41e4649b934ca495991b7852b855
    .claude/skills/kc-validation/SKILL.md: sha256:f52e272f606e9f4dd913f17ea7574135eee28ddfdfdf597c1811b2e3287aaa8f
    .claude/skills/kc-validation/agents/openai.yaml: sha256:a78265a4fc56ffe101c18a9ae4217c166267744ceb9dc56c550db167e1d57c5d
    .claude/skills/kc-validation/evals/result-scenarios.json: sha256:0130509e91f1dcdba1a4e07784c1c7026b869d1cdbe19050a7ff0572f5de85dc
    .claude/skills/kc-validation/evals/triggers.json: sha256:70b42101013993a47f5fc4d98daf86561b7ed41e9245dfd48ff8591169650751
    .claude/skills/kc-validation/references/corpus-checklist.md: sha256:b7e62dd7f18b4e6caba0fe53468291f33a9eb96be673bad025d6c01ce543f41c
    .claude/skills/transcript-analysis/README.md: sha256:e3b0c44298fc1c149afbf4c8996fb92427ae41e4649b934ca495991b7852b855
    .claude/skills/transcript-analysis/SKILL.md: sha256:6e88416ec2ee595810e85f8f523c8b79e6b13cfb32cfb0b0f5994c5caf320890
    .claude/skills/transcript-analysis/agents/openai.yaml: sha256:cfeb2363e7bcfdad0909b531658048945cc6888560ae78d706f96ca078f327d3
    .claude/skills/transcript-analysis/evals/result-scenarios.json: sha256:1d8f859d93f487070cbf79f32af02dfcd6a5ed31544b4d6abf0c3af858330564
    .claude/skills/transcript-analysis/evals/triggers.json: sha256:4dd2a72292e983a42abdf0e0b6b168abec1f4fec9c62c79a4f3345b8c18117a9
  content_hash: sha256:77923a15ea6386ff406c7cbce4a58136dac5810f04bbf591d2a33d0097c23edc
  constraint: ^0.4.0
  resolved_tag: 0.4.0
  resolved_at: '2026-06-18T12:33:21+00:00'
local_deployed_files:
- .agents/skills/ai-agents-md-maintenance
- .agents/skills/ai-agents-md-maintenance/SKILL.md
- .agents/skills/ai-agents-md-maintenance/agents/openai.yaml
- .agents/skills/ai-agents-md-maintenance/evals/result-scenarios.json
- .agents/skills/ai-agents-md-maintenance/evals/triggers.json
- .agents/skills/ai-agents-md-maintenance/references/content-guidelines.md
- .agents/skills/ai-agents-md-maintenance/references/maintenance-checklist.md
- .agents/skills/ai-apm-setup
- .agents/skills/ai-apm-setup/SKILL.md
- .agents/skills/ai-apm-setup/agents/openai.yaml
- .agents/skills/ai-apm-setup/evals/result-scenarios.json
- .agents/skills/ai-apm-setup/evals/triggers.json
- .agents/skills/ai-apm-setup/references/apm-collection-settings.md
- .agents/skills/ai-apm-setup/scripts/setup-apm-collection
- .agents/skills/ai-application-check
- .agents/skills/ai-application-check/SKILL.md
- .agents/skills/ai-application-check/agents/openai.yaml
- .agents/skills/ai-application-check/assets/application-check-template.md
- .agents/skills/ai-application-check/evals/result-scenarios.json
- .agents/skills/ai-application-check/evals/triggers.json
- .agents/skills/ai-application-check/references/application-check.md
- .agents/skills/ai-audit-agents-md
- .agents/skills/ai-audit-agents-md/SKILL.md
- .agents/skills/ai-audit-agents-md/agents/openai.yaml
- .agents/skills/ai-audit-agents-md/evals/result-scenarios.json
- .agents/skills/ai-audit-agents-md/evals/triggers.json
- .agents/skills/ai-audit-agents-md/references/review-checklist.md
- .agents/skills/ai-audit-project
- .agents/skills/ai-audit-project/README.md
- .agents/skills/ai-audit-project/SKILL.md
- .agents/skills/ai-audit-project/agents/openai.yaml
- .agents/skills/ai-audit-project/evals/result-scenarios.json
- .agents/skills/ai-audit-project/evals/triggers.json
- .agents/skills/ai-audit-project/references/audit-checklist.md
- .agents/skills/ai-data-collection
- .agents/skills/ai-data-collection/SKILL.md
- .agents/skills/ai-data-collection/agents/openai.yaml
- .agents/skills/ai-data-collection/evals/result-scenarios.json
- .agents/skills/ai-data-collection/evals/triggers.json
- .agents/skills/ai-data-collection/references/data-collection-procedure.md
- .agents/skills/ai-rule-failure-analysis
- .agents/skills/ai-rule-failure-analysis/SKILL.md
- .agents/skills/ai-rule-failure-analysis/agents/openai.yaml
- .agents/skills/ai-rule-failure-analysis/evals/result-scenarios.json
- .agents/skills/ai-rule-failure-analysis/evals/triggers.json
- .agents/skills/ai-skill-development
- .agents/skills/ai-skill-development/SKILL.md
- .agents/skills/ai-skill-development/agents/openai.yaml
- .agents/skills/ai-skill-development/evals/result-scenarios.json
- .agents/skills/ai-skill-development/evals/triggers.json
- .agents/skills/ai-skill-development/references/project-specific-skills.md
- .agents/skills/ai-skill-development/references/review-checklist.md
- .agents/skills/ai-skill-development/references/validation.md
- .agents/skills/ai-subagent-setup
- .agents/skills/ai-subagent-setup/README.md
- .agents/skills/ai-subagent-setup/SKILL.md
- .agents/skills/ai-subagent-setup/agents/openai.yaml
- .agents/skills/ai-subagent-setup/evals/result-scenarios.json
- .agents/skills/ai-subagent-setup/evals/triggers.json
- .agents/skills/ai-subagent-setup/references/operation-policy.md
- .agents/skills/ai-subagent-setup/references/routing-patterns.md
- .agents/skills/ai-subagent-setup/scripts/codex-model-subagent
- .agents/skills/ai-subagent-setup/scripts/codex-usage-report
- .agents/skills/ai-subagent-setup/scripts/install-codex-tools
- .agents/skills/ai-work-control
- .agents/skills/ai-work-control/SKILL.md
- .agents/skills/ai-work-control/agents/openai.yaml
- .agents/skills/ai-work-control/evals/result-scenarios.json
- .agents/skills/ai-work-control/evals/triggers.json
- .agents/skills/ai-work-control/references/work-control.md
- .agents/skills/ai-work-result-evaluation
- .agents/skills/ai-work-result-evaluation/SKILL.md
- .agents/skills/ai-work-result-evaluation/agents/openai.yaml
- .agents/skills/ai-work-result-evaluation/assets/work-result-evaluation-case-template.md
- .agents/skills/ai-work-result-evaluation/evals/result-scenarios.json
- .agents/skills/ai-work-result-evaluation/evals/triggers.json
- .agents/skills/ai-work-result-evaluation/references/work-result-evaluation.md
- .claude/skills/ai-agents-md-maintenance
- .claude/skills/ai-agents-md-maintenance/SKILL.md
- .claude/skills/ai-agents-md-maintenance/agents/openai.yaml
- .claude/skills/ai-agents-md-maintenance/evals/result-scenarios.json
- .claude/skills/ai-agents-md-maintenance/evals/triggers.json
- .claude/skills/ai-agents-md-maintenance/references/content-guidelines.md
- .claude/skills/ai-agents-md-maintenance/references/maintenance-checklist.md
- .claude/skills/ai-apm-setup
- .claude/skills/ai-apm-setup/SKILL.md
- .claude/skills/ai-apm-setup/agents/openai.yaml
- .claude/skills/ai-apm-setup/evals/result-scenarios.json
- .claude/skills/ai-apm-setup/evals/triggers.json
- .claude/skills/ai-apm-setup/references/apm-collection-settings.md
- .claude/skills/ai-apm-setup/scripts/setup-apm-collection
- .claude/skills/ai-application-check
- .claude/skills/ai-application-check/SKILL.md
- .claude/skills/ai-application-check/agents/openai.yaml
- .claude/skills/ai-application-check/assets/application-check-template.md
- .claude/skills/ai-application-check/evals/result-scenarios.json
- .claude/skills/ai-application-check/evals/triggers.json
- .claude/skills/ai-application-check/references/application-check.md
- .claude/skills/ai-audit-agents-md
- .claude/skills/ai-audit-agents-md/SKILL.md
- .claude/skills/ai-audit-agents-md/agents/openai.yaml
- .claude/skills/ai-audit-agents-md/evals/result-scenarios.json
- .claude/skills/ai-audit-agents-md/evals/triggers.json
- .claude/skills/ai-audit-agents-md/references/review-checklist.md
- .claude/skills/ai-audit-project
- .claude/skills/ai-audit-project/README.md
- .claude/skills/ai-audit-project/SKILL.md
- .claude/skills/ai-audit-project/agents/openai.yaml
- .claude/skills/ai-audit-project/evals/result-scenarios.json
- .claude/skills/ai-audit-project/evals/triggers.json
- .claude/skills/ai-audit-project/references/audit-checklist.md
- .claude/skills/ai-data-collection
- .claude/skills/ai-data-collection/SKILL.md
- .claude/skills/ai-data-collection/agents/openai.yaml
- .claude/skills/ai-data-collection/evals/result-scenarios.json
- .claude/skills/ai-data-collection/evals/triggers.json
- .claude/skills/ai-data-collection/references/data-collection-procedure.md
- .claude/skills/ai-rule-failure-analysis
- .claude/skills/ai-rule-failure-analysis/SKILL.md
- .claude/skills/ai-rule-failure-analysis/agents/openai.yaml
- .claude/skills/ai-rule-failure-analysis/evals/result-scenarios.json
- .claude/skills/ai-rule-failure-analysis/evals/triggers.json
- .claude/skills/ai-skill-development
- .claude/skills/ai-skill-development/SKILL.md
- .claude/skills/ai-skill-development/agents/openai.yaml
- .claude/skills/ai-skill-development/evals/result-scenarios.json
- .claude/skills/ai-skill-development/evals/triggers.json
- .claude/skills/ai-skill-development/references/project-specific-skills.md
- .claude/skills/ai-skill-development/references/review-checklist.md
- .claude/skills/ai-skill-development/references/validation.md
- .claude/skills/ai-subagent-setup
- .claude/skills/ai-subagent-setup/README.md
- .claude/skills/ai-subagent-setup/SKILL.md
- .claude/skills/ai-subagent-setup/agents/openai.yaml
- .claude/skills/ai-subagent-setup/evals/result-scenarios.json
- .claude/skills/ai-subagent-setup/evals/triggers.json
- .claude/skills/ai-subagent-setup/references/operation-policy.md
- .claude/skills/ai-subagent-setup/references/routing-patterns.md
- .claude/skills/ai-subagent-setup/scripts/codex-model-subagent
- .claude/skills/ai-subagent-setup/scripts/codex-usage-report
- .claude/skills/ai-subagent-setup/scripts/install-codex-tools
- .claude/skills/ai-work-control
- .claude/skills/ai-work-control/SKILL.md
- .claude/skills/ai-work-control/agents/openai.yaml
- .claude/skills/ai-work-control/evals/result-scenarios.json
- .claude/skills/ai-work-control/evals/triggers.json
- .claude/skills/ai-work-control/references/work-control.md
- .claude/skills/ai-work-result-evaluation
- .claude/skills/ai-work-result-evaluation/SKILL.md
- .claude/skills/ai-work-result-evaluation/agents/openai.yaml
- .claude/skills/ai-work-result-evaluation/assets/work-result-evaluation-case-template.md
- .claude/skills/ai-work-result-evaluation/evals/result-scenarios.json
- .claude/skills/ai-work-result-evaluation/evals/triggers.json
- .claude/skills/ai-work-result-evaluation/references/work-result-evaluation.md
